
Microsoft Visual Studio Solution File, Format Version 12.00
# Visual Studio Version 16
VisualStudioVersion = 16.0.32228.343
MinimumVisualStudioVersion = 10.0.40219.1
Project("{9A19103F-16F7-4668-BE54-9A1E7A4F7556}") = "SolidPrinciples.Lib", "SolidPrinciples.Lib.csproj", "{B09BEB97-D624-41EC-B61D-CA58444FC573}"
EndProject
Global
	GlobalSection(SolutionConfigurationPlatforms) = preSolution
		Debug|Any CPU = Debug|Any CPU
		Release|Any CPU = Release|Any CPU
	EndGlobalSection
	GlobalSection(ProjectConfigurationPlatforms) = postSolution
		{B09BEB97-D624-41EC-B61D-CA58444FC573}.Debug|Any CPU.ActiveCfg = Debug|Any CPU
		{B09BEB97-D624-41EC-B61D-CA58444FC573}.Debug|Any CPU.Build.0 = Debug|Any CPU
		{B09BEB97-D624-41EC-B61D-CA58444FC573}.Release|Any CPU.ActiveCfg = Release|Any CPU
		{B09BEB97-D624-41EC-B61D-CA58444FC573}.Release|Any CPU.Build.0 = Release|Any CPU
	EndGlobalSection
	GlobalSection(SolutionProperties) = preSolution
		HideSolutionNode = FALSE
	EndGlobalSection
	GlobalSection(ExtensibilityGlobals) = postSolution
		SolutionGuid = {5A9488A7-4DE8-46DB-B65F-9AA8EED3DD41}
	EndGlobalSection
EndGlobal
